
Microsoft Visual Studio Solution File, Format Version 12.00
# Visual Studio Version 17
VisualStudioVersion = 17.7.34221.43
MinimumVisualStudioVersion = 10.0.40219.1
Project("{FAE04EC0-301F-11D3-BF4B-00C04F79EFBC}") = "SchoolManagement.API", "SchoolManagement.API.csproj", "{94AC69D9-69DF-44E5-9C0D-4B44A0D33F66}"
EndProject
Project("{FAE04EC0-301F-11D3-BF4B-00C04F79EFBC}") = "SchoolManagement.Core", "..\SchoolManagement.Core\SchoolManagement.Core.csproj", "{89B4094C-B2C5-4098-8DD7-F3D8CF560722}"
EndProject
Global
	GlobalSection(SolutionConfigurationPlatforms) = preSolution
		Debug|Any CPU = Debug|Any CPU
		Release|Any CPU = Release|Any CPU
	EndGlobalSection
	GlobalSection(ProjectConfigurationPlatforms) = postSolution
		{94AC69D9-69DF-44E5-9C0D-4B44A0D33F66}.Debug|Any CPU.ActiveCfg = Debug|Any CPU
		{94AC69D9-69DF-44E5-9C0D-4B44A0D33F66}.Debug|Any CPU.Build.0 = Debug|Any CPU
		{94AC69D9-69DF-44E5-9C0D-4B44A0D33F66}.Release|Any CPU.ActiveCfg = Release|Any CPU
		{94AC69D9-69DF-44E5-9C0D-4B44A0D33F66}.Release|Any CPU.Build.0 = Release|Any CPU
		{89B4094C-B2C5-4098-8DD7-F3D8CF560722}.Debug|Any CPU.ActiveCfg = Debug|Any CPU
		{89B4094C-B2C5-4098-8DD7-F3D8CF560722}.Debug|Any CPU.Build.0 = Debug|Any CPU
		{89B4094C-B2C5-4098-8DD7-F3D8CF560722}.Release|Any CPU.ActiveCfg = Release|Any CPU
		{89B4094C-B2C5-4098-8DD7-F3D8CF560722}.Release|Any CPU.Build.0 = Release|Any CPU
	EndGlobalSection
	GlobalSection(SolutionProperties) = preSolution
		HideSolutionNode = FALSE
	EndGlobalSection
	GlobalSection(ExtensibilityGlobals) = postSolution
		SolutionGuid = {6B772466-FC02-40F0-B9AA-FAB15EA2156B}
	EndGlobalSection
EndGlobal
